{
  "nodes": {
    "NUR": {
      "locked": {
        "lastModified": 1625231804,
        "narHash": "sha256-qimr19k3G7uy4Sr+OXgHl4w4CnJ1ykrpLUUYzalilVQ=",
        "owner": "nix-community",
        "repo": "NUR",
        "rev": "d7fdf23eec6d5d1907b6977936da5088d9cd0332",
        "type": "github"
      },
      "original": {
        "owner": "nix-community",
        "repo": "NUR",
        "type": "github"
      }
    },
    "flake-utils": {
      "locked": {
        "lastModified": 1622445595,
        "narHash": "sha256-m+JRe6Wc5OZ/mKw2bB3+Tl0ZbtyxxxfnAWln8Q5qs+Y=",
        "owner": "numtide",
        "repo": "flake-utils",
        "rev": "7d706970d94bc5559077eb1a6600afddcd25a7c8",
        "type": "github"
      },
      "original": {
        "owner": "numtide",
        "repo": "flake-utils",
        "type": "github"
      }
    },
    "home-manager": {
      "inputs": {
        "nixpkgs": [
          "nixpkgs"
        ]
      },
      "locked": {
        "lastModified": 1624228557,
        "narHash": "sha256-wwOqe73BsrXfRv1PhyXQFNC8iTET50KvE/HitdkRgxs=",
        "owner": "nix-community",
        "repo": "home-manager",
        "rev": "35a24648d155843a4d162de98c17b1afd5db51e4",
        "type": "github"
      },
      "original": {
        "owner": "nix-community",
        "ref": "release-21.05",
        "repo": "home-manager",
        "type": "github"
      }
    },
    "nix-neovim": {
      "inputs": {
        "nixpkgs": [
          "nixpkgs-git"
        ]
      },
      "locked": {
        "lastModified": 1627903968,
        "narHash": "sha256-izEuEbN0y9azusDXP4FdCLePjiY3SYhzpxehKsZ5TX0=",
        "owner": "syberant",
        "repo": "nix-neovim",
        "rev": "e38d7866ed80e54e402beec30856c65d8633f6ba",
        "type": "github"
      },
      "original": {
        "owner": "syberant",
        "repo": "nix-neovim",
        "type": "github"
      }
    },
    "nixos-hardware": {
      "locked": {
        "lastModified": 1624713701,
        "narHash": "sha256-miYoO9/M+ZYlNPknRF9VYh6bQEQCPPz6lM0Pb60jbPk=",
        "owner": "NixOS",
        "repo": "nixos-hardware",
        "rev": "03c60a2db286bcd8ecfac9a8739c50626ca0fd8e",
        "type": "github"
      },
      "original": {
        "owner": "NixOS",
        "repo": "nixos-hardware",
        "type": "github"
      }
    },
    "nixpkgs": {
      "locked": {
        "lastModified": 1632918953,
        "narHash": "sha256-XY3TKBfhP7wCu/SeqrwIkTWkyYHy5W1yRR8pxyzRY9Y=",
        "owner": "NixOS",
        "repo": "nixpkgs",
        "rev": "ee90403e147b181300dffca5b0afa405e14f1945",
        "type": "github"
      },
      "original": {
        "owner": "NixOS",
        "ref": "nixos-21.05",
        "repo": "nixpkgs",
        "type": "github"
      }
    },
    "nixpkgs-git": {
      "locked": {
        "lastModified": 1626353807,
        "narHash": "sha256-mJR5OQbwO1BOTQlTPUavqlVA5sVbTfxyaxZeTV/qwdc=",
        "owner": "NixOS",
        "repo": "nixpkgs",
        "rev": "0dfb1d72ba7bfbf510302ce2ef93c6311c200d64",
        "type": "github"
      },
      "original": {
        "owner": "NixOS",
        "repo": "nixpkgs",
        "rev": "0dfb1d72ba7bfbf510302ce2ef93c6311c200d64",
        "type": "github"
      }
    },
    "root": {
      "inputs": {
        "NUR": "NUR",
        "flake-utils": "flake-utils",
        "home-manager": "home-manager",
        "nix-neovim": "nix-neovim",
        "nixos-hardware": "nixos-hardware",
        "nixpkgs": "nixpkgs",
        "nixpkgs-git": "nixpkgs-git",
        "secrets": "secrets",
        "sops-nix": "sops-nix",
        "xmonad-sybrand": "xmonad-sybrand"
      }
    },
    "secrets": {
      "flake": false,
      "locked": {
        "lastModified": 1596560447,
        "narHash": "sha256-TF/GeegyKiJaDvzxkZ0tkRpMhtAhvVTPyGUnP+8soe4=",
        "ref": "master",
        "rev": "8651ca83bfa9ae1dc945305e6af2ae3184b9614a",
        "revCount": 4,
        "type": "git",
        "url": "https://github.com/syberant/secrets.git"
      },
      "original": {
        "type": "git",
        "url": "https://github.com/syberant/secrets.git"
      }
    },
    "sops-nix": {
      "inputs": {
        "nixpkgs": [
          "nixpkgs"
        ]
      },
      "locked": {
        "lastModified": 1618840526,
        "narHash": "sha256-3VAac44xE+kO8o7BQXLqHrAMUQT+XqIK8BcLkEEDwOA=",
        "owner": "Mic92",
        "repo": "sops-nix",
        "rev": "4f384662a85804fa2bc1bc1f99e70bb468e76f88",
        "type": "github"
      },
      "original": {
        "owner": "Mic92",
        "repo": "sops-nix",
        "type": "github"
      }
    },
    "xmonad-sybrand": {
      "inputs": {
        "nixpkgs": [
          "nixpkgs"
        ]
      },
      "locked": {
        "lastModified": 1626809874,
        "narHash": "sha256-ePppp604H7RBh/LdegxMSct3bFPWpjQbMFPGAHq4uLM=",
        "owner": "syberant",
        "repo": "xmonad-sybrand",
        "rev": "22cf0e7a5f7d685eb911c8c2234e092a5344fc02",
        "type": "github"
      },
      "original": {
        "owner": "syberant",
        "repo": "xmonad-sybrand",
        "type": "github"
      }
    }
  },
  "root": "root",
  "version": 7
}
