{
  "nodes": {
    "NUR": {
      "locked": {
        "lastModified": 1719063509,
        "narHash": "sha256-hKczPZmBb97TWoWOwHkF7trGO1e5SDA3RnuiShUlzXg=",
        "owner": "nix-community",
        "repo": "NUR",
        "rev": "880c22ac49ac208c1ee3e75d67238da4abdaff6f",
        "type": "github"
      },
      "original": {
        "owner": "nix-community",
        "repo": "NUR",
        "type": "github"
      }
    },
    "flake-utils": {
      "inputs": {
        "systems": "systems"
      },
      "locked": {
        "lastModified": 1710146030,
        "narHash": "sha256-SZ5L6eA7HJ/nmkzGG7/ISclqe6oZdOZTNoesiInkXPQ=",
        "owner": "numtide",
        "repo": "flake-utils",
        "rev": "b1d9ab70662946ef0850d488da1c9019f3a9752a",
        "type": "github"
      },
      "original": {
        "owner": "numtide",
        "repo": "flake-utils",
        "type": "github"
      }
    },
    "home-manager": {
      "inputs": {
        "nixpkgs": [
          "nixpkgs"
        ]
      },
      "locked": {
        "lastModified": 1718530513,
        "narHash": "sha256-BmO8d0r+BVlwWtMLQEYnwmngqdXIuyFzMwvmTcLMee8=",
        "owner": "nix-community",
        "repo": "home-manager",
        "rev": "a1fddf0967c33754271761d91a3d921772b30d0e",
        "type": "github"
      },
      "original": {
        "owner": "nix-community",
        "ref": "release-24.05",
        "repo": "home-manager",
        "type": "github"
      }
    },
    "hosts": {
      "inputs": {
        "nixpkgs": [
          "nixpkgs"
        ]
      },
      "locked": {
        "lastModified": 1719001847,
        "narHash": "sha256-dt/UEjcTSxkmsC+zZvGS2+Y6c2CFjo6Hn3WAhokFAkk=",
        "owner": "StevenBlack",
        "repo": "hosts",
        "rev": "05a9ae6098bb2f09eb1d35cb440a086a9a85d39c",
        "type": "github"
      },
      "original": {
        "owner": "StevenBlack",
        "repo": "hosts",
        "type": "github"
      }
    },
    "impermanence": {
      "locked": {
        "lastModified": 1717932370,
        "narHash": "sha256-7C5lCpiWiyPoIACOcu2mukn/1JRtz6HC/1aEMhUdcw0=",
        "owner": "nix-community",
        "repo": "impermanence",
        "rev": "27979f1c3a0d3b9617a3563e2839114ba7d48d3f",
        "type": "github"
      },
      "original": {
        "owner": "nix-community",
        "repo": "impermanence",
        "type": "github"
      }
    },
    "nix-neovim": {
      "inputs": {
        "nixpkgs": [
          "nixpkgs"
        ]
      },
      "locked": {
        "lastModified": 1650651888,
        "narHash": "sha256-2lC6oeQMTke7/bx8VxLNJr54A/WGkdAv2H0iebTmACY=",
        "owner": "syberant",
        "repo": "nix-neovim",
        "rev": "6f03a1c206ff2c5bea209c73f861ebd8088de53b",
        "type": "github"
      },
      "original": {
        "owner": "syberant",
        "repo": "nix-neovim",
        "type": "github"
      }
    },
    "nixos-hardware": {
      "locked": {
        "lastModified": 1718548414,
        "narHash": "sha256-1obyIuQPR/Kq1j5/i/5EuAfQrDwjYnjCDG8iLtXmBhQ=",
        "owner": "NixOS",
        "repo": "nixos-hardware",
        "rev": "cde8f7e11f036160b0fd6a9e07dc4c8e4061cf06",
        "type": "github"
      },
      "original": {
        "owner": "NixOS",
        "repo": "nixos-hardware",
        "type": "github"
      }
    },
    "nixpkgs": {
      "locked": {
        "lastModified": 1718835956,
        "narHash": "sha256-wM9v2yIxClRYsGHut5vHICZTK7xdrUGfrLkXvSuv6s4=",
        "owner": "NixOS",
        "repo": "nixpkgs",
        "rev": "dd457de7e08c6d06789b1f5b88fc9327f4d96309",
        "type": "github"
      },
      "original": {
        "owner": "NixOS",
        "ref": "nixos-24.05",
        "repo": "nixpkgs",
        "type": "github"
      }
    },
    "nixpkgs-git": {
      "locked": {
        "lastModified": 1718653068,
        "narHash": "sha256-NI2yo100FWtJ6GSiDUedGZ6HLkpAVYGWu8XYOoP10xs=",
        "owner": "NixOS",
        "repo": "nixpkgs",
        "rev": "77545ae726d5ac7b52cf26f84ee380924c93e771",
        "type": "github"
      },
      "original": {
        "owner": "NixOS",
        "repo": "nixpkgs",
        "type": "github"
      }
    },
    "nixpkgs-stable": {
      "locked": {
        "lastModified": 1718478900,
        "narHash": "sha256-v43N1gZLcGkhg3PdcrKUNIZ1L0FBzB2JqhIYEyKAHEs=",
        "owner": "NixOS",
        "repo": "nixpkgs",
        "rev": "c884223af91820615a6146af1ae1fea25c107005",
        "type": "github"
      },
      "original": {
        "owner": "NixOS",
        "ref": "release-23.11",
        "repo": "nixpkgs",
        "type": "github"
      }
    },
    "root": {
      "inputs": {
        "NUR": "NUR",
        "flake-utils": "flake-utils",
        "home-manager": "home-manager",
        "hosts": "hosts",
        "impermanence": "impermanence",
        "nix-neovim": "nix-neovim",
        "nixos-hardware": "nixos-hardware",
        "nixpkgs": "nixpkgs",
        "nixpkgs-git": "nixpkgs-git",
        "secrets": "secrets",
        "sops-nix": "sops-nix",
        "xmonad-sybrand": "xmonad-sybrand"
      }
    },
    "secrets": {
      "flake": false,
      "locked": {
        "lastModified": 1718653489,
        "narHash": "sha256-xsy8yQkbWFUJkJmJD9tVl8SlSpfkW9JpkjskDjHZffo=",
        "ref": "refs/heads/master",
        "rev": "fccb920b4e20ce89f5f41109b10e7db1d209ba00",
        "revCount": 9,
        "type": "git",
        "url": "https://github.com/syberant/secrets.git"
      },
      "original": {
        "type": "git",
        "url": "https://github.com/syberant/secrets.git"
      }
    },
    "sops-nix": {
      "inputs": {
        "nixpkgs": [
          "nixpkgs"
        ],
        "nixpkgs-stable": "nixpkgs-stable"
      },
      "locked": {
        "lastModified": 1718506969,
        "narHash": "sha256-Pm9I/BMQHbsucdWf6y9G3xBZh3TMlThGo4KBbeoeczg=",
        "owner": "Mic92",
        "repo": "sops-nix",
        "rev": "797ce4c1f45a85df6dd3d9abdc53f2691bea9251",
        "type": "github"
      },
      "original": {
        "owner": "Mic92",
        "repo": "sops-nix",
        "type": "github"
      }
    },
    "systems": {
      "locked": {
        "lastModified": 1681028828,
        "narHash": "sha256-Vy1rq5AaRuLzOxct8nz4T6wlgyUR7zLU309k9mBC768=",
        "owner": "nix-systems",
        "repo": "default",
        "rev": "da67096a3b9bf56a91d16901293e51ba5b49a27e",
        "type": "github"
      },
      "original": {
        "owner": "nix-systems",
        "repo": "default",
        "type": "github"
      }
    },
    "xmonad-sybrand": {
      "inputs": {
        "nixpkgs": [
          "nixpkgs"
        ]
      },
      "locked": {
        "lastModified": 1718634858,
        "narHash": "sha256-5ArE5Mhb5C9cu/qtAyoDj3sMhG1QZHX/w8irjma8Q/k=",
        "owner": "syberant",
        "repo": "xmonad-sybrand",
        "rev": "01069ff8de0944b5d1d3e6163fc7c5da22c294af",
        "type": "github"
      },
      "original": {
        "owner": "syberant",
        "repo": "xmonad-sybrand",
        "type": "github"
      }
    }
  },
  "root": "root",
  "version": 7
}
