{
  "nodes": {
    "NUR": {
      "locked": {
        "lastModified": 1714466005,
        "narHash": "sha256-H6WfRiO/rieAmdEKasp/0iP4xoLi7QdSDZJ2b+V5zx4=",
        "owner": "nix-community",
        "repo": "NUR",
        "rev": "d8853a14e87ceeb66bd2f9dba90b11dcb5911b14",
        "type": "github"
      },
      "original": {
        "owner": "nix-community",
        "repo": "NUR",
        "type": "github"
      }
    },
    "flake-utils": {
      "inputs": {
        "systems": "systems"
      },
      "locked": {
        "lastModified": 1710146030,
        "narHash": "sha256-SZ5L6eA7HJ/nmkzGG7/ISclqe6oZdOZTNoesiInkXPQ=",
        "owner": "numtide",
        "repo": "flake-utils",
        "rev": "b1d9ab70662946ef0850d488da1c9019f3a9752a",
        "type": "github"
      },
      "original": {
        "owner": "numtide",
        "repo": "flake-utils",
        "type": "github"
      }
    },
    "home-manager": {
      "inputs": {
        "nixpkgs": [
          "nixpkgs"
        ]
      },
      "locked": {
        "lastModified": 1718530513,
        "narHash": "sha256-BmO8d0r+BVlwWtMLQEYnwmngqdXIuyFzMwvmTcLMee8=",
        "owner": "nix-community",
        "repo": "home-manager",
        "rev": "a1fddf0967c33754271761d91a3d921772b30d0e",
        "type": "github"
      },
      "original": {
        "owner": "nix-community",
        "ref": "release-24.05",
        "repo": "home-manager",
        "type": "github"
      }
    },
    "hosts": {
      "inputs": {
        "nixpkgs": [
          "nixpkgs"
        ]
      },
      "locked": {
        "lastModified": 1714071834,
        "narHash": "sha256-e9Zh1UpjzOVAYblBQyn/CyYBXVg6c3vG2ldnRYPjS8s=",
        "owner": "StevenBlack",
        "repo": "hosts",
        "rev": "745d46fe869ce2a2436ebebe24449d65d0237cf0",
        "type": "github"
      },
      "original": {
        "owner": "StevenBlack",
        "repo": "hosts",
        "type": "github"
      }
    },
    "nix-neovim": {
      "inputs": {
        "nixpkgs": [
          "nixpkgs"
        ]
      },
      "locked": {
        "lastModified": 1650651888,
        "narHash": "sha256-2lC6oeQMTke7/bx8VxLNJr54A/WGkdAv2H0iebTmACY=",
        "owner": "syberant",
        "repo": "nix-neovim",
        "rev": "6f03a1c206ff2c5bea209c73f861ebd8088de53b",
        "type": "github"
      },
      "original": {
        "owner": "syberant",
        "repo": "nix-neovim",
        "type": "github"
      }
    },
    "nixos-hardware": {
      "locked": {
        "lastModified": 1714465198,
        "narHash": "sha256-ySkEJvS0gPz2UhXm0H3P181T8fUxvDVcoUyGn0Kc5AI=",
        "owner": "NixOS",
        "repo": "nixos-hardware",
        "rev": "68d680c1b7c0e67a9b2144d6776583ee83664ef4",
        "type": "github"
      },
      "original": {
        "owner": "NixOS",
        "repo": "nixos-hardware",
        "type": "github"
      }
    },
    "nixpkgs": {
      "locked": {
        "lastModified": 1718437845,
        "narHash": "sha256-ZT7Oc1g4I4pHVGGjQFnewFVDRLH5cIZhEzODLz9YXeY=",
        "owner": "NixOS",
        "repo": "nixpkgs",
        "rev": "752c634c09ceb50c45e751f8791cb45cb3d46c9e",
        "type": "github"
      },
      "original": {
        "owner": "NixOS",
        "ref": "nixos-24.05",
        "repo": "nixpkgs",
        "type": "github"
      }
    },
    "nixpkgs-git": {
      "locked": {
        "lastModified": 1714466836,
        "narHash": "sha256-AkA7t0Et1RScH7xyJkq2TrrD7ot+n38M/eFIJNq83P4=",
        "owner": "NixOS",
        "repo": "nixpkgs",
        "rev": "5bc228bd92e8e1e503f5f6ee873a7c4348af27ba",
        "type": "github"
      },
      "original": {
        "owner": "NixOS",
        "repo": "nixpkgs",
        "type": "github"
      }
    },
    "nixpkgs-stable": {
      "locked": {
        "lastModified": 1713638189,
        "narHash": "sha256-q7APLfB6FmmSMI1Su5ihW9IwntBsk2hWNXh8XtSdSIk=",
        "owner": "NixOS",
        "repo": "nixpkgs",
        "rev": "74574c38577914733b4f7a775dd77d24245081dd",
        "type": "github"
      },
      "original": {
        "owner": "NixOS",
        "ref": "release-23.11",
        "repo": "nixpkgs",
        "type": "github"
      }
    },
    "root": {
      "inputs": {
        "NUR": "NUR",
        "flake-utils": "flake-utils",
        "home-manager": "home-manager",
        "hosts": "hosts",
        "nix-neovim": "nix-neovim",
        "nixos-hardware": "nixos-hardware",
        "nixpkgs": "nixpkgs",
        "nixpkgs-git": "nixpkgs-git",
        "secrets": "secrets",
        "sops-nix": "sops-nix",
        "xmonad-sybrand": "xmonad-sybrand"
      }
    },
    "secrets": {
      "flake": false,
      "locked": {
        "lastModified": 1718649820,
        "narHash": "sha256-yH/CIQQbZRLGVPzrAlABAcwg2DjuPi36unxVQtZBKuM=",
        "ref": "refs/heads/master",
        "rev": "3d5e49342c0ac2bc28c615ef31e300724e853031",
        "revCount": 6,
        "type": "git",
        "url": "https://github.com/syberant/secrets.git"
      },
      "original": {
        "type": "git",
        "url": "https://github.com/syberant/secrets.git"
      }
    },
    "sops-nix": {
      "inputs": {
        "nixpkgs": [
          "nixpkgs"
        ],
        "nixpkgs-stable": "nixpkgs-stable"
      },
      "locked": {
        "lastModified": 1713892811,
        "narHash": "sha256-uIGmA2xq41vVFETCF1WW4fFWFT2tqBln+aXnWrvjGRE=",
        "owner": "Mic92",
        "repo": "sops-nix",
        "rev": "f1b0adc27265274e3b0c9b872a8f476a098679bd",
        "type": "github"
      },
      "original": {
        "owner": "Mic92",
        "repo": "sops-nix",
        "type": "github"
      }
    },
    "systems": {
      "locked": {
        "lastModified": 1681028828,
        "narHash": "sha256-Vy1rq5AaRuLzOxct8nz4T6wlgyUR7zLU309k9mBC768=",
        "owner": "nix-systems",
        "repo": "default",
        "rev": "da67096a3b9bf56a91d16901293e51ba5b49a27e",
        "type": "github"
      },
      "original": {
        "owner": "nix-systems",
        "repo": "default",
        "type": "github"
      }
    },
    "xmonad-sybrand": {
      "inputs": {
        "nixpkgs": [
          "nixpkgs"
        ]
      },
      "locked": {
        "lastModified": 1718634858,
        "narHash": "sha256-5ArE5Mhb5C9cu/qtAyoDj3sMhG1QZHX/w8irjma8Q/k=",
        "owner": "syberant",
        "repo": "xmonad-sybrand",
        "rev": "01069ff8de0944b5d1d3e6163fc7c5da22c294af",
        "type": "github"
      },
      "original": {
        "owner": "syberant",
        "repo": "xmonad-sybrand",
        "type": "github"
      }
    }
  },
  "root": "root",
  "version": 7
}
